
Microsoft Visual Studio Solution File, Format Version 12.00
# Visual Studio Version 17
VisualStudioVersion = 17.0.31903.59
MinimumVisualStudioVersion = 10.0.40219.1
Project("{2150E333-8FDC-42A3-9474-1A3956D46DE8}") = "ApiGateway", "ApiGateway", "{25D181DD-5CC9-F0B3-C64F-91E1AA77FD70}"
EndProject
Project("{FAE04EC0-301F-11D3-BF4B-00C04F79EFBC}") = "ApiGateway", "ApiGateway\ApiGateway\ApiGateway.csproj", "{CB79961E-85E3-4F99-A7C2-783B837B9023}"
EndProject
Project("{2150E333-8FDC-42A3-9474-1A3956D46DE8}") = "Services", "Services", "{5854FF58-B8C5-05C6-5BF2-ACE42193F22B}"
EndProject
Project("{2150E333-8FDC-42A3-9474-1A3956D46DE8}") = "InventoryService", "InventoryService", "{BE20E719-B6B5-F723-937D-3652F6094FC5}"
EndProject
Project("{FAE04EC0-301F-11D3-BF4B-00C04F79EFBC}") = "InventoryService", "Services\InventoryService\InventoryService\InventoryService.csproj", "{B030B385-8A25-49D8-B84C-BAB1C0B9DDA0}"
EndProject
Project("{2150E333-8FDC-42A3-9474-1A3956D46DE8}") = "SalesService", "SalesService", "{646FC2E2-ADBB-3462-B2BE-D1ABB90ADEBD}"
EndProject
Project("{FAE04EC0-301F-11D3-BF4B-00C04F79EFBC}") = "SalesService", "Services\SalesService\SalesService\SalesService.csproj", "{E80E20B1-D32C-494E-8A14-30E0D923F7CF}"
EndProject
Project("{2150E333-8FDC-42A3-9474-1A3956D46DE8}") = "Shared", "Shared", "{4F52FD11-658E-A102-6CD3-7D7C16FFA15B}"
EndProject
Project("{FAE04EC0-301F-11D3-BF4B-00C04F79EFBC}") = "Shared", "Shared\Shared\Shared.csproj", "{9B550C20-8566-4880-9EF9-06BB247F9571}"
EndProject
Global
	GlobalSection(SolutionConfigurationPlatforms) = preSolution
		Debug|Any CPU = Debug|Any CPU
		Debug|x64 = Debug|x64
		Debug|x86 = Debug|x86
		Release|Any CPU = Release|Any CPU
		Release|x64 = Release|x64
		Release|x86 = Release|x86
	EndGlobalSection
	GlobalSection(ProjectConfigurationPlatforms) = postSolution
		{CB79961E-85E3-4F99-A7C2-783B837B9023}.Debug|Any CPU.ActiveCfg = Debug|Any CPU
		{CB79961E-85E3-4F99-A7C2-783B837B9023}.Debug|Any CPU.Build.0 = Debug|Any CPU
		{CB79961E-85E3-4F99-A7C2-783B837B9023}.Debug|x64.ActiveCfg = Debug|Any CPU
		{CB79961E-85E3-4F99-A7C2-783B837B9023}.Debug|x64.Build.0 = Debug|Any CPU
		{CB79961E-85E3-4F99-A7C2-783B837B9023}.Debug|x86.ActiveCfg = Debug|Any CPU
		{CB79961E-85E3-4F99-A7C2-783B837B9023}.Debug|x86.Build.0 = Debug|Any CPU
		{CB79961E-85E3-4F99-A7C2-783B837B9023}.Release|Any CPU.ActiveCfg = Release|Any CPU
		{CB79961E-85E3-4F99-A7C2-783B837B9023}.Release|Any CPU.Build.0 = Release|Any CPU
		{CB79961E-85E3-4F99-A7C2-783B837B9023}.Release|x64.ActiveCfg = Release|Any CPU
		{CB79961E-85E3-4F99-A7C2-783B837B9023}.Release|x64.Build.0 = Release|Any CPU
		{CB79961E-85E3-4F99-A7C2-783B837B9023}.Release|x86.ActiveCfg = Release|Any CPU
		{CB79961E-85E3-4F99-A7C2-783B837B9023}.Release|x86.Build.0 = Release|Any CPU
		{B030B385-8A25-49D8-B84C-BAB1C0B9DDA0}.Debug|Any CPU.ActiveCfg = Debug|Any CPU
		{B030B385-8A25-49D8-B84C-BAB1C0B9DDA0}.Debug|Any CPU.Build.0 = Debug|Any CPU
		{B030B385-8A25-49D8-B84C-BAB1C0B9DDA0}.Debug|x64.ActiveCfg = Debug|Any CPU
		{B030B385-8A25-49D8-B84C-BAB1C0B9DDA0}.Debug|x64.Build.0 = Debug|Any CPU
		{B030B385-8A25-49D8-B84C-BAB1C0B9DDA0}.Debug|x86.ActiveCfg = Debug|Any CPU
		{B030B385-8A25-49D8-B84C-BAB1C0B9DDA0}.Debug|x86.Build.0 = Debug|Any CPU
		{B030B385-8A25-49D8-B84C-BAB1C0B9DDA0}.Release|Any CPU.ActiveCfg = Release|Any CPU
		{B030B385-8A25-49D8-B84C-BAB1C0B9DDA0}.Release|Any CPU.Build.0 = Release|Any CPU
		{B030B385-8A25-49D8-B84C-BAB1C0B9DDA0}.Release|x64.ActiveCfg = Release|Any CPU
		{B030B385-8A25-49D8-B84C-BAB1C0B9DDA0}.Release|x64.Build.0 = Release|Any CPU
		{B030B385-8A25-49D8-B84C-BAB1C0B9DDA0}.Release|x86.ActiveCfg = Release|Any CPU
		{B030B385-8A25-49D8-B84C-BAB1C0B9DDA0}.Release|x86.Build.0 = Release|Any CPU
		{E80E20B1-D32C-494E-8A14-30E0D923F7CF}.Debug|Any CPU.ActiveCfg = Debug|Any CPU
		{E80E20B1-D32C-494E-8A14-30E0D923F7CF}.Debug|Any CPU.Build.0 = Debug|Any CPU
		{E80E20B1-D32C-494E-8A14-30E0D923F7CF}.Debug|x64.ActiveCfg = Debug|Any CPU
		{E80E20B1-D32C-494E-8A14-30E0D923F7CF}.Debug|x64.Build.0 = Debug|Any CPU
		{E80E20B1-D32C-494E-8A14-30E0D923F7CF}.Debug|x86.ActiveCfg = Debug|Any CPU
		{E80E20B1-D32C-494E-8A14-30E0D923F7CF}.Debug|x86.Build.0 = Debug|Any CPU
		{E80E20B1-D32C-494E-8A14-30E0D923F7CF}.Release|Any CPU.ActiveCfg = Release|Any CPU
		{E80E20B1-D32C-494E-8A14-30E0D923F7CF}.Release|Any CPU.Build.0 = Release|Any CPU
		{E80E20B1-D32C-494E-8A14-30E0D923F7CF}.Release|x64.ActiveCfg = Release|Any CPU
		{E80E20B1-D32C-494E-8A14-30E0D923F7CF}.Release|x64.Build.0 = Release|Any CPU
		{E80E20B1-D32C-494E-8A14-30E0D923F7CF}.Release|x86.ActiveCfg = Release|Any CPU
		{E80E20B1-D32C-494E-8A14-30E0D923F7CF}.Release|x86.Build.0 = Release|Any CPU
		{9B550C20-8566-4880-9EF9-06BB247F9571}.Debug|Any CPU.ActiveCfg = Debug|Any CPU
		{9B550C20-8566-4880-9EF9-06BB247F9571}.Debug|Any CPU.Build.0 = Debug|Any CPU
		{9B550C20-8566-4880-9EF9-06BB247F9571}.Debug|x64.ActiveCfg = Debug|Any CPU
		{9B550C20-8566-4880-9EF9-06BB247F9571}.Debug|x64.Build.0 = Debug|Any CPU
		{9B550C20-8566-4880-9EF9-06BB247F9571}.Debug|x86.ActiveCfg = Debug|Any CPU
		{9B550C20-8566-4880-9EF9-06BB247F9571}.Debug|x86.Build.0 = Debug|Any CPU
		{9B550C20-8566-4880-9EF9-06BB247F9571}.Release|Any CPU.ActiveCfg = Release|Any CPU
		{9B550C20-8566-4880-9EF9-06BB247F9571}.Release|Any CPU.Build.0 = Release|Any CPU
		{9B550C20-8566-4880-9EF9-06BB247F9571}.Release|x64.ActiveCfg = Release|Any CPU
		{9B550C20-8566-4880-9EF9-06BB247F9571}.Release|x64.Build.0 = Release|Any CPU
		{9B550C20-8566-4880-9EF9-06BB247F9571}.Release|x86.ActiveCfg = Release|Any CPU
		{9B550C20-8566-4880-9EF9-06BB247F9571}.Release|x86.Build.0 = Release|Any CPU
	EndGlobalSection
	GlobalSection(SolutionProperties) = preSolution
		HideSolutionNode = FALSE
	EndGlobalSection
	GlobalSection(NestedProjects) = preSolution
		{CB79961E-85E3-4F99-A7C2-783B837B9023} = {25D181DD-5CC9-F0B3-C64F-91E1AA77FD70}
		{BE20E719-B6B5-F723-937D-3652F6094FC5} = {5854FF58-B8C5-05C6-5BF2-ACE42193F22B}
		{B030B385-8A25-49D8-B84C-BAB1C0B9DDA0} = {BE20E719-B6B5-F723-937D-3652F6094FC5}
		{646FC2E2-ADBB-3462-B2BE-D1ABB90ADEBD} = {5854FF58-B8C5-05C6-5BF2-ACE42193F22B}
		{E80E20B1-D32C-494E-8A14-30E0D923F7CF} = {646FC2E2-ADBB-3462-B2BE-D1ABB90ADEBD}
		{9B550C20-8566-4880-9EF9-06BB247F9571} = {4F52FD11-658E-A102-6CD3-7D7C16FFA15B}
	EndGlobalSection
EndGlobal
